
Microsoft Visual Studio Solution File, Format Version 12.00
# Visual Studio 14
VisualStudioVersion = 14.0.25420.1
MinimumVisualStudioVersion = 10.0.40219.1
Project("{FAE04EC0-301F-11D3-BF4B-00C04F79EFBC}") = "XamDayThree", "XamDayThree\XamDayThree.csproj", "{D3CB2EA5-AC83-400A-A535-C35B525D18EA}"
EndProject
Project("{FAE04EC0-301F-11D3-BF4B-00C04F79EFBC}") = "XamDayThree.iOS", "iOS\XamDayThree.iOS.csproj", "{7831B0E9-8D1B-4145-A820-B58C871185A4}"
EndProject
Project("{FAE04EC0-301F-11D3-BF4B-00C04F79EFBC}") = "XamDayThree.Droid", "Droid\XamDayThree.Droid.csproj", "{32F8FFDE-BA1F-4382-8449-36D50A9423E3}"
EndProject
Global
	GlobalSection(SolutionConfigurationPlatforms) = preSolution
		Debug|Any CPU = Debug|Any CPU
		Debug|iPhone = Debug|iPhone
		Debug|iPhoneSimulator = Debug|iPhoneSimulator
		Release|Any CPU = Release|Any CPU
		Release|iPhone = Release|iPhone
		Release|iPhoneSimulator = Release|iPhoneSimulator
	EndGlobalSection
	GlobalSection(ProjectConfigurationPlatforms) = postSolution
		{D3CB2EA5-AC83-400A-A535-C35B525D18EA}.Debug|Any CPU.ActiveCfg = Debug|Any CPU
		{D3CB2EA5-AC83-400A-A535-C35B525D18EA}.Debug|Any CPU.Build.0 = Debug|Any CPU
		{D3CB2EA5-AC83-400A-A535-C35B525D18EA}.Debug|iPhone.ActiveCfg = Debug|Any CPU
		{D3CB2EA5-AC83-400A-A535-C35B525D18EA}.Debug|iPhone.Build.0 = Debug|Any CPU
		{D3CB2EA5-AC83-400A-A535-C35B525D18EA}.Debug|iPhoneSimulator.ActiveCfg = Debug|Any CPU
		{D3CB2EA5-AC83-400A-A535-C35B525D18EA}.Debug|iPhoneSimulator.Build.0 = Debug|Any CPU
		{D3CB2EA5-AC83-400A-A535-C35B525D18EA}.Release|Any CPU.ActiveCfg = Release|Any CPU
		{D3CB2EA5-AC83-400A-A535-C35B525D18EA}.Release|Any CPU.Build.0 = Release|Any CPU
		{D3CB2EA5-AC83-400A-A535-C35B525D18EA}.Release|iPhone.ActiveCfg = Release|Any CPU
		{D3CB2EA5-AC83-400A-A535-C35B525D18EA}.Release|iPhone.Build.0 = Release|Any CPU
		{D3CB2EA5-AC83-400A-A535-C35B525D18EA}.Release|iPhoneSimulator.ActiveCfg = Release|Any CPU
		{D3CB2EA5-AC83-400A-A535-C35B525D18EA}.Release|iPhoneSimulator.Build.0 = Release|Any CPU
		{7831B0E9-8D1B-4145-A820-B58C871185A4}.Debug|Any CPU.ActiveCfg = Debug|iPhoneSimulator
		{7831B0E9-8D1B-4145-A820-B58C871185A4}.Debug|Any CPU.Build.0 = Debug|iPhoneSimulator
		{7831B0E9-8D1B-4145-A820-B58C871185A4}.Debug|iPhone.ActiveCfg = Debug|iPhone
		{7831B0E9-8D1B-4145-A820-B58C871185A4}.Debug|iPhone.Build.0 = Debug|iPhone
		{7831B0E9-8D1B-4145-A820-B58C871185A4}.Debug|iPhoneSimulator.ActiveCfg = Debug|iPhoneSimulator
		{7831B0E9-8D1B-4145-A820-B58C871185A4}.Debug|iPhoneSimulator.Build.0 = Debug|iPhoneSimulator
		{7831B0E9-8D1B-4145-A820-B58C871185A4}.Release|Any CPU.ActiveCfg = Release|iPhone
		{7831B0E9-8D1B-4145-A820-B58C871185A4}.Release|Any CPU.Build.0 = Release|iPhone
		{7831B0E9-8D1B-4145-A820-B58C871185A4}.Release|iPhone.ActiveCfg = Release|iPhone
		{7831B0E9-8D1B-4145-A820-B58C871185A4}.Release|iPhone.Build.0 = Release|iPhone
		{7831B0E9-8D1B-4145-A820-B58C871185A4}.Release|iPhoneSimulator.ActiveCfg = Release|iPhoneSimulator
		{7831B0E9-8D1B-4145-A820-B58C871185A4}.Release|iPhoneSimulator.Build.0 = Release|iPhoneSimulator
		{32F8FFDE-BA1F-4382-8449-36D50A9423E3}.Debug|Any CPU.ActiveCfg = Debug|Any CPU
		{32F8FFDE-BA1F-4382-8449-36D50A9423E3}.Debug|Any CPU.Build.0 = Debug|Any CPU
		{32F8FFDE-BA1F-4382-8449-36D50A9423E3}.Debug|Any CPU.Deploy.0 = Debug|Any CPU
		{32F8FFDE-BA1F-4382-8449-36D50A9423E3}.Debug|iPhone.ActiveCfg = Debug|Any CPU
		{32F8FFDE-BA1F-4382-8449-36D50A9423E3}.Debug|iPhone.Build.0 = Debug|Any CPU
		{32F8FFDE-BA1F-4382-8449-36D50A9423E3}.Debug|iPhoneSimulator.ActiveCfg = Debug|Any CPU
		{32F8FFDE-BA1F-4382-8449-36D50A9423E3}.Debug|iPhoneSimulator.Build.0 = Debug|Any CPU
		{32F8FFDE-BA1F-4382-8449-36D50A9423E3}.Release|Any CPU.ActiveCfg = Release|Any CPU
		{32F8FFDE-BA1F-4382-8449-36D50A9423E3}.Release|Any CPU.Build.0 = Release|Any CPU
		{32F8FFDE-BA1F-4382-8449-36D50A9423E3}.Release|iPhone.ActiveCfg = Release|Any CPU
		{32F8FFDE-BA1F-4382-8449-36D50A9423E3}.Release|iPhone.Build.0 = Release|Any CPU
		{32F8FFDE-BA1F-4382-8449-36D50A9423E3}.Release|iPhoneSimulator.ActiveCfg = Release|Any CPU
		{32F8FFDE-BA1F-4382-8449-36D50A9423E3}.Release|iPhoneSimulator.Build.0 = Release|Any CPU
	EndGlobalSection
	GlobalSection(SolutionProperties) = preSolution
		HideSolutionNode = FALSE
	EndGlobalSection
EndGlobal
